
Microsoft Visual Studio Solution File, Format Version 12.00
# Visual Studio 15
VisualStudioVersion = 15.0.27130.2010
MinimumVisualStudioVersion = 10.0.40219.1
Project("{9A19103F-16F7-4668-BE54-9A1E7A4F7556}") = "TrackMED", "TrackMED\TrackMED.csproj", "{6A014F36-365B-4777-8ACE-BD9916BD25A3}"
EndProject
Global
	GlobalSection(SolutionConfigurationPlatforms) = preSolution
		Debug|Any CPU = Debug|Any CPU
		Release|Any CPU = Release|Any CPU
	EndGlobalSection
	GlobalSection(ProjectConfigurationPlatforms) = postSolution
		{6A014F36-365B-4777-8ACE-BD9916BD25A3}.Debug|Any CPU.ActiveCfg = Debug|Any CPU
		{6A014F36-365B-4777-8ACE-BD9916BD25A3}.Debug|Any CPU.Build.0 = Debug|Any CPU
		{6A014F36-365B-4777-8ACE-BD9916BD25A3}.Release|Any CPU.ActiveCfg = Release|Any CPU
		{6A014F36-365B-4777-8ACE-BD9916BD25A3}.Release|Any CPU.Build.0 = Release|Any CPU
	EndGlobalSection
	GlobalSection(SolutionProperties) = preSolution
		HideSolutionNode = FALSE
	EndGlobalSection
	GlobalSection(ExtensibilityGlobals) = postSolution
		SolutionGuid = {9099E99A-4ED3-4652-8C8B-3F4AA1D4F739}
	EndGlobalSection
EndGlobal
